// !$*UTF8*$!
{
	archiveVersion = 1;
	classes = {
	};
	objectVersion = 50;
	objects = {

/* Begin PBXBuildFile section */
		9F63CB522086143500181AF9 /* AppDelegate.swift in Sources */ = {isa = PBXBuildFile; fileRef = 9F63CB512086143500181AF9 /* AppDelegate.swift */; };
		9F63CB542086143500181AF9 /* ViewController.swift in Sources */ = {isa = PBXBuildFile; fileRef = 9F63CB532086143500181AF9 /* ViewController.swift */; };
		9F63CB572086143500181AF9 /* Main.storyboard in Resources */ = {isa = PBXBuildFile; fileRef = 9F63CB552086143500181AF9 /* Main.storyboard */; };
		9F63CB5A2086143500181AF9 /* TestFairy.xcdatamodeld in Sources */ = {isa = PBXBuildFile; fileRef = 9F63CB582086143500181AF9 /* TestFairy.xcdatamodeld */; };
		9F63CB5C2086143600181AF9 /* Assets.xcassets in Resources */ = {isa = PBXBuildFile; fileRef = 9F63CB5B2086143600181AF9 /* Assets.xcassets */; };
		9F63CB5F2086143600181AF9 /* LaunchScreen.storyboard in Resources */ = {isa = PBXBuildFile; fileRef = 9F63CB5D2086143600181AF9 /* LaunchScreen.storyboard */; };
		9F63CB6A2086143600181AF9 /* TestFairyTests.swift in Sources */ = {isa = PBXBuildFile; fileRef = 9F63CB692086143600181AF9 /* TestFairyTests.swift */; };
		9F63CB752086143600181AF9 /* TestFairyUITests.swift in Sources */ = {isa = PBXBuildFile; fileRef = 9F63CB742086143600181AF9 /* TestFairyUITests.swift */; };
/* End PBXBuildFile section */

/* Begin PBXContainerItemProxy section */
		9F63CB662086143600181AF9 /* PBXContainerItemProxy */ = {
			isa = PBXContainerItemProxy;
			containerPortal = 9F63CB462086143500181AF9 /* Project object */;
			proxyType = 1;
			remoteGlobalIDString = 9F63CB4D2086143500181AF9;
			remoteInfo = TestFairy;
		};
		9F63CB712086143600181AF9 /* PBXContainerItemProxy */ = {
			isa = PBXContainerItemProxy;
			containerPortal = 9F63CB462086143500181AF9 /* Project object */;
			proxyType = 1;
			remoteGlobalIDString = 9F63CB4D2086143500181AF9;
			remoteInfo = TestFairy;
		};
/* End PBXContainerItemProxy section */

/* Begin PBXFileReference section */
		9F63CB4E2086143500181AF9 /* TestFairy.app */ = {isa = PBXFileReference; explicitFileType = wrapper.application; includeInIndex = 0; path = TestFairy.app; sourceTree = BUILT_PRODUCTS_DIR; };
		9F63CB512086143500181AF9 /* AppDelegate.swift */ = {isa = PBXFileReference; lastKnownFileType = sourcecode.swift; path = AppDelegate.swift; sourceTree = "<group>"; };
		9F63CB532086143500181AF9 /* ViewController.swift */ = {isa = PBXFileReference; lastKnownFileType = sourcecode.swift; path = ViewController.swift; sourceTree = "<group>"; };
		9F63CB562086143500181AF9 /* Base */ = {isa = PBXFileReference; lastKnownFileType = file.storyboard; name = Base; path = Base.lproj/Main.storyboard; sourceTree = "<group>"; };
		9F63CB592086143500181AF9 /* TestFairy.xcdatamodel */ = {isa = PBXFileReference; lastKnownFileType = wrapper.xcdatamodel; path = TestFairy.xcdatamodel; sourceTree = "<group>"; };
		9F63CB5B2086143600181AF9 /* Assets.xcassets */ = {isa = PBXFileReference; lastKnownFileType = folder.assetcatalog; path = Assets.xcassets; sourceTree = "<group>"; };
		9F63CB5E2086143600181AF9 /* Base */ = {isa = PBXFileReference; lastKnownFileType = file.storyboard; name = Base; path = Base.lproj/LaunchScreen.storyboard; sourceTree = "<group>"; };
		9F63CB602086143600181AF9 /* Info.plist */ = {isa = PBXFileReference; lastKnownFileType = text.plist.xml; path = Info.plist; sourceTree = "<group>"; };
		9F63CB652086143600181AF9 /* TestFairyTests.xctest */ = {isa = PBXFileReference; explicitFileType = wrapper.cfbundle; includeInIndex = 0; path = TestFairyTests.xctest; sourceTree = BUILT_PRODUCTS_DIR; };
		9F63CB692086143600181AF9 /* TestFairyTests.swift */ = {isa = PBXFileReference; lastKnownFileType = sourcecode.swift; path = TestFairyTests.swift; sourceTree = "<group>"; };
		9F63CB6B2086143600181AF9 /* Info.plist */ = {isa = PBXFileReference; lastKnownFileType = text.plist.xml; path = Info.plist; sourceTree = "<group>"; };
		9F63CB702086143600181AF9 /* TestFairyUITests.xctest */ = {isa = PBXFileReference; explicitFileType = wrapper.cfbundle; includeInIndex = 0; path = TestFairyUITests.xctest; sourceTree = BUILT_PRODUCTS_DIR; };
		9F63CB742086143600181AF9 /* TestFairyUITests.swift */ = {isa = PBXFileReference; lastKnownFileType = sourcecode.swift; path = TestFairyUITests.swift; sourceTree = "<group>"; };
		9F63CB762086143600181AF9 /* Info.plist */ = {isa = PBXFileReference; lastKnownFileType = text.plist.xml; path = Info.plist; sourceTree = "<group>"; };
/* End PBXFileReference section */

/* Begin PBXFrameworksBuildPhase section */
		9F63CB4B2086143500181AF9 /* Frameworks */ = {
			isa = PBXFrameworksBuildPhase;
			buildActionMask = 2147483647;
			files = (
			);
			runOnlyForDeploymentPostprocessing = 0;
		};
		9F63CB622086143600181AF9 /* Frameworks */ = {
			isa = PBXFrameworksBuildPhase;
			buildActionMask = 2147483647;
			files = (
			);
			runOnlyForDeploymentPostprocessing = 0;
		};
		9F63CB6D2086143600181AF9 /* Frameworks */ = {
			isa = PBXFrameworksBuildPhase;
			buildActionMask = 2147483647;
			files = (
			);
			runOnlyForDeploymentPostprocessing = 0;
		};
/* End PBXFrameworksBuildPhase section */

/* Begin PBXGroup section */
		9F63CB452086143500181AF9 = {
			isa = PBXGroup;
			children = (
				9F63CB502086143500181AF9 /* TestFairy */,
				9F63CB682086143600181AF9 /* TestFairyTests */,
				9F63CB732086143600181AF9 /* TestFairyUITests */,
				9F63CB4F2086143500181AF9 /* Products */,
			);
			sourceTree = "<group>";
		};
		9F63CB4F2086143500181AF9 /* Products */ = {
			isa = PBXGroup;
			children = (
				9F63CB4E2086143500181AF9 /* TestFairy.app */,
				9F63CB652086143600181AF9 /* TestFairyTests.xctest */,
				9F63CB702086143600181AF9 /* TestFairyUITests.xctest */,
			);
			name = Products;
			sourceTree = "<group>";
		};
		9F63CB502086143500181AF9 /* TestFairy */ = {
			isa = PBXGroup;
			children = (
				9F63CB512086143500181AF9 /* AppDelegate.swift */,
				9F63CB532086143500181AF9 /* ViewController.swift */,
				9F63CB552086143500181AF9 /* Main.storyboard */,
				9F63CB5B2086143600181AF9 /* Assets.xcassets */,
				9F63CB5D2086143600181AF9 /* LaunchScreen.storyboard */,
				9F63CB602086143600181AF9 /* Info.plist */,
				9F63CB582086143500181AF9 /* TestFairy.xcdatamodeld */,
			);
			path = TestFairy;
			sourceTree = "<group>";
		};
		9F63CB682086143600181AF9 /* TestFairyTests */ = {
			isa = PBXGroup;
			children = (
				9F63CB692086143600181AF9 /* TestFairyTests.swift */,
				9F63CB6B2086143600181AF9 /* Info.plist */,
			);
			path = TestFairyTests;
			sourceTree = "<group>";
		};
		9F63CB732086143600181AF9 /* TestFairyUITests */ = {
			isa = PBXGroup;
			children = (
				9F63CB742086143600181AF9 /* TestFairyUITests.swift */,
				9F63CB762086143600181AF9 /* Info.plist */,
			);
			path = TestFairyUITests;
			sourceTree = "<group>";
		};
/* End PBXGroup section */

/* Begin PBXNativeTarget section */
		9F63CB4D2086143500181AF9 /* TestFairy */ = {
			isa = PBXNativeTarget;
			buildConfigurationList = 9F63CB792086143600181AF9 /* Build configuration list for PBXNativeTarget "TestFairy" */;
			buildPhases = (
				9F63CB4A2086143500181AF9 /* Sources */,
				9F63CB4B2086143500181AF9 /* Frameworks */,
				9F63CB4C2086143500181AF9 /* Resources */,
			);
			buildRules = (
			);
			dependencies = (
			);
			name = TestFairy;
			productName = TestFairy;
			productReference = 9F63CB4E2086143500181AF9 /* TestFairy.app */;
			productType = "com.apple.product-type.application";
		};
		9F63CB642086143600181AF9 /* TestFairyTests */ = {
			isa = PBXNativeTarget;
			buildConfigurationList = 9F63CB7C2086143600181AF9 /* Build configuration list for PBXNativeTarget "TestFairyTests" */;
			buildPhases = (
				9F63CB612086143600181AF9 /* Sources */,
				9F63CB622086143600181AF9 /* Frameworks */,
				9F63CB632086143600181AF9 /* Resources */,
			);
			buildRules = (
			);
			dependencies = (
				9F63CB672086143600181AF9 /* PBXTargetDependency */,
			);
			name = TestFairyTests;
			productName = TestFairyTests;
			productReference = 9F63CB652086143600181AF9 /* TestFairyTests.xctest */;
			productType = "com.apple.product-type.bundle.unit-test";
		};
		9F63CB6F2086143600181AF9 /* TestFairyUITests */ = {
			isa = PBXNativeTarget;
			buildConfigurationList = 9F63CB7F2086143600181AF9 /* Build configuration list for PBXNativeTarget "TestFairyUITests" */;
			buildPhases = (
				9F63CB6C2086143600181AF9 /* Sources */,
				9F63CB6D2086143600181AF9 /* Frameworks */,
				9F63CB6E2086143600181AF9 /* Resources */,
			);
			buildRules = (
			);
			dependencies = (
				9F63CB722086143600181AF9 /* PBXTargetDependency */,
			);
			name = TestFairyUITests;
			productName = TestFairyUITests;
			productReference = 9F63CB702086143600181AF9 /* TestFairyUITests.xctest */;
			productType = "com.apple.product-type.bundle.ui-testing";
		};
/* End PBXNativeTarget section */

/* Begin PBXProject section */
		9F63CB462086143500181AF9 /* Project object */ = {
			isa = PBXProject;
			attributes = {
				LastSwiftUpdateCheck = 0930;
				LastUpgradeCheck = 0930;
				ORGANIZATIONNAME = WOS;
				TargetAttributes = {
					9F63CB4D2086143500181AF9 = {
						CreatedOnToolsVersion = 9.3;
					};
					9F63CB642086143600181AF9 = {
						CreatedOnToolsVersion = 9.3;
						TestTargetID = 9F63CB4D2086143500181AF9;
					};
					9F63CB6F2086143600181AF9 = {
						CreatedOnToolsVersion = 9.3;
						TestTargetID = 9F63CB4D2086143500181AF9;
					};
				};
			};
			buildConfigurationList = 9F63CB492086143500181AF9 /* Build configuration list for PBXProject "TestFairy" */;
			compatibilityVersion = "Xcode 9.3";
			developmentRegion = en;
			hasScannedForEncodings = 0;
			knownRegions = (
				en,
				Base,
			);
			mainGroup = 9F63CB452086143500181AF9;
			productRefGroup = 9F63CB4F2086143500181AF9 /* Products */;
			projectDirPath = "";
			projectRoot = "";
			targets = (
				9F63CB4D2086143500181AF9 /* TestFairy */,
				9F63CB642086143600181AF9 /* TestFairyTests */,
				9F63CB6F2086143600181AF9 /* TestFairyUITests */,
			);
		};
/* End PBXProject section */

/* Begin PBXResourcesBuildPhase section */
		9F63CB4C2086143500181AF9 /* Resources */ = {
			isa = PBXResourcesBuildPhase;
			buildActionMask = 2147483647;
			files = (
				9F63CB5F2086143600181AF9 /* LaunchScreen.storyboard in Resources */,
				9F63CB5C2086143600181AF9 /* Assets.xcassets in Resources */,
				9F63CB572086143500181AF9 /* Main.storyboard in Resources */,
			);
			runOnlyForDeploymentPostprocessing = 0;
		};
		9F63CB632086143600181AF9 /* Resources */ = {
			isa = PBXResourcesBuildPhase;
			buildActionMask = 2147483647;
			files = (
			);
			runOnlyForDeploymentPostprocessing = 0;
		};
		9F63CB6E2086143600181AF9 /* Resources */ = {
			isa = PBXResourcesBuildPhase;
			buildActionMask = 2147483647;
			files = (
			);
			runOnlyForDeploymentPostprocessing = 0;
		};
/* End PBXResourcesBuildPhase section */

/* Begin PBXSourcesBuildPhase section */
		9F63CB4A2086143500181AF9 /* Sources */ = {
			isa = PBXSourcesBuildPhase;
			buildActionMask = 2147483647;
			files = (
				9F63CB5A2086143500181AF9 /* TestFairy.xcdatamodeld in Sources */,
				9F63CB542086143500181AF9 /* ViewController.swift in Sources */,
				9F63CB522086143500181AF9 /* AppDelegate.swift in Sources */,
			);
			runOnlyForDeploymentPostprocessing = 0;
		};
		9F63CB612086143600181AF9 /* Sources */ = {
			isa = PBXSourcesBuildPhase;
			buildActionMask = 2147483647;
			files = (
				9F63CB6A2086143600181AF9 /* TestFairyTests.swift in Sources */,
			);
			runOnlyForDeploymentPostprocessing = 0;
		};
		9F63CB6C2086143600181AF9 /* Sources */ = {
			isa = PBXSourcesBuildPhase;
			buildActionMask = 2147483647;
			files = (
				9F63CB752086143600181AF9 /* TestFairyUITests.swift in Sources */,
			);
			runOnlyForDeploymentPostprocessing = 0;
		};
/* End PBXSourcesBuildPhase section */

/* Begin PBXTargetDependency section */
		9F63CB672086143600181AF9 /* PBXTargetDependency */ = {
			isa = PBXTargetDependency;
			target = 9F63CB4D2086143500181AF9 /* TestFairy */;
			targetProxy = 9F63CB662086143600181AF9 /* PBXContainerItemProxy */;
		};
		9F63CB722086143600181AF9 /* PBXTargetDependency */ = {
			isa = PBXTargetDependency;
			target = 9F63CB4D2086143500181AF9 /* TestFairy */;
			targetProxy = 9F63CB712086143600181AF9 /* PBXContainerItemProxy */;
		};
/* End PBXTargetDependency section */

/* Begin PBXVariantGroup section */
		9F63CB552086143500181AF9 /* Main.storyboard */ = {
			isa = PBXVariantGroup;
			children = (
				9F63CB562086143500181AF9 /* Base */,
			);
			name = Main.storyboard;
			sourceTree = "<group>";
		};
		9F63CB5D2086143600181AF9 /* LaunchScreen.storyboard */ = {
			isa = PBXVariantGroup;
			children = (
				9F63CB5E2086143600181AF9 /* Base */,
			);
			name = LaunchScreen.storyboard;
			sourceTree = "<group>";
		};
/* End PBXVariantGroup section */

/* Begin XCBuildConfiguration section */
		9F63CB772086143600181AF9 /* Debug */ = {
			isa = XCBuildConfiguration;
			buildSettings = {
				ALWAYS_SEARCH_USER_PATHS = NO;
				CLANG_ANALYZER_NONNULL = YES;
				CLANG_ANALYZER_NUMBER_OBJECT_CONVERSION = YES_AGGRESSIVE;
				CLANG_CXX_LANGUAGE_STANDARD = "gnu++14";
				CLANG_CXX_LIBRARY = "libc++";
				CLANG_ENABLE_MODULES = YES;
				CLANG_ENABLE_OBJC_ARC = YES;
				CLANG_ENABLE_OBJC_WEAK = YES;
				CLANG_WARN_BLOCK_CAPTURE_AUTORELEASING = YES;
				CLANG_WARN_BOOL_CONVERSION = YES;
				CLANG_WARN_COMMA = YES;
				CLANG_WARN_CONSTANT_CONVERSION = YES;
				CLANG_WARN_DEPRECATED_OBJC_IMPLEMENTATIONS = YES;
				CLANG_WARN_DIRECT_OBJC_ISA_USAGE = YES_ERROR;
				CLANG_WARN_DOCUMENTATION_COMMENTS = YES;
				CLANG_WARN_EMPTY_BODY = YES;
				CLANG_WARN_ENUM_CONVERSION = YES;
				CLANG_WARN_INFINITE_RECURSION = YES;
				CLANG_WARN_INT_CONVERSION = YES;
				CLANG_WARN_NON_LITERAL_NULL_CONVERSION = YES;
				CLANG_WARN_OBJC_IMPLICIT_RETAIN_SELF = YES;
				CLANG_WARN_OBJC_LITERAL_CONVERSION = YES;
				CLANG_WARN_OBJC_ROOT_CLASS = YES_ERROR;
				CLANG_WARN_RANGE_LOOP_ANALYSIS = YES;
				CLANG_WARN_STRICT_PROTOTYPES = YES;
				CLANG_WARN_SUSPICIOUS_MOVE = YES;
				CLANG_WARN_UNGUARDED_AVAILABILITY = YES_AGGRESSIVE;
				CLANG_WARN_UNREACHABLE_CODE = YES;
				CLANG_WARN__DUPLICATE_METHOD_MATCH = YES;
				CODE_SIGN_IDENTITY = "iPhone Developer";
				COPY_PHASE_STRIP = NO;
				DEBUG_INFORMATION_FORMAT = dwarf;
				ENABLE_STRICT_OBJC_MSGSEND = YES;
				ENABLE_TESTABILITY = YES;
				GCC_C_LANGUAGE_STANDARD = gnu11;
				GCC_DYNAMIC_NO_PIC = NO;
				GCC_NO_COMMON_BLOCKS = YES;
				GCC_OPTIMIZATION_LEVEL = 0;
				GCC_PREPROCESSOR_DEFINITIONS = (
					"DEBUG=1",
					"$(inherited)",
				);
				GCC_WARN_64_TO_32_BIT_CONVERSION = YES;
				GCC_WARN_ABOUT_RETURN_TYPE = YES_ERROR;
				GCC_WARN_UNDECLARED_SELECTOR = YES;
				GCC_WARN_UNINITIALIZED_AUTOS = YES_AGGRESSIVE;
				GCC_WARN_UNUSED_FUNCTION = YES;
				GCC_WARN_UNUSED_VARIABLE = YES;
				IPHONEOS_DEPLOYMENT_TARGET = 11.3;
				MTL_ENABLE_DEBUG_INFO = YES;
				ONLY_ACTIVE_ARCH = YES;
				SDKROOT = iphoneos;
				SWIFT_ACTIVE_COMPILATION_CONDITIONS = DEBUG;
				SWIFT_OPTIMIZATION_LEVEL = "-Onone";
			};
			name = Debug;
		};
		9F63CB782086143600181AF9 /* Release */ = {
			isa = XCBuildConfiguration;
			buildSettings = {
				ALWAYS_SEARCH_USER_PATHS = NO;
				CLANG_ANALYZER_NONNULL = YES;
				CLANG_ANALYZER_NUMBER_OBJECT_CONVERSION = YES_AGGRESSIVE;
				CLANG_CXX_LANGUAGE_STANDARD = "gnu++14";
				CLANG_CXX_LIBRARY = "libc++";
				CLANG_ENABLE_MODULES = YES;
				CLANG_ENABLE_OBJC_ARC = YES;
				CLANG_ENABLE_OBJC_WEAK = YES;
				CLANG_WARN_BLOCK_CAPTURE_AUTORELEASING = YES;
				CLANG_WARN_BOOL_CONVERSION = YES;
				CLANG_WARN_COMMA = YES;
				CLANG_WARN_CONSTANT_CONVERSION = YES;
				CLANG_WARN_DEPRECATED_OBJC_IMPLEMENTATIONS = YES;
				CLANG_WARN_DIRECT_OBJC_ISA_USAGE = YES_ERROR;
				CLANG_WARN_DOCUMENTATION_COMMENTS = YES;
				CLANG_WARN_EMPTY_BODY = YES;
				CLANG_WARN_ENUM_CONVERSION = YES;
				CLANG_WARN_INFINITE_RECURSION = YES;
				CLANG_WARN_INT_CONVERSION = YES;
				CLANG_WARN_NON_LITERAL_NULL_CONVERSION = YES;
				CLANG_WARN_OBJC_IMPLICIT_RETAIN_SELF = YES;
				CLANG_WARN_OBJC_LITERAL_CONVERSION = YES;
				CLANG_WARN_OBJC_ROOT_CLASS = YES_ERROR;
				CLANG_WARN_RANGE_LOOP_ANALYSIS = YES;
				CLANG_WARN_STRICT_PROTOTYPES = YES;
				CLANG_WARN_SUSPICIOUS_MOVE = YES;
				CLANG_WARN_UNGUARDED_AVAILABILITY = YES_AGGRESSIVE;
				CLANG_WARN_UNREACHABLE_CODE = YES;
				CLANG_WARN__DUPLICATE_METHOD_MATCH = YES;
				CODE_SIGN_IDENTITY = "iPhone Developer";
				COPY_PHASE_STRIP = NO;
				DEBUG_INFORMATION_FORMAT = "dwarf-with-dsym";
				ENABLE_NS_ASSERTIONS = NO;
				ENABLE_STRICT_OBJC_MSGSEND = YES;
				GCC_C_LANGUAGE_STANDARD = gnu11;
				GCC_NO_COMMON_BLOCKS = YES;
				GCC_WARN_64_TO_32_BIT_CONVERSION = YES;
				GCC_WARN_ABOUT_RETURN_TYPE = YES_ERROR;
				GCC_WARN_UNDECLARED_SELECTOR = YES;
				GCC_WARN_UNINITIALIZED_AUTOS = YES_AGGRESSIVE;
				GCC_WARN_UNUSED_FUNCTION = YES;
				GCC_WARN_UNUSED_VARIABLE = YES;
				IPHONEOS_DEPLOYMENT_TARGET = 11.3;
				MTL_ENABLE_DEBUG_INFO = NO;
				SDKROOT = iphoneos;
				SWIFT_COMPILATION_MODE = wholemodule;
				SWIFT_OPTIMIZATION_LEVEL = "-O";
				VALIDATE_PRODUCT = YES;
			};
			name = Release;
		};
		9F63CB7A2086143600181AF9 /* Debug */ = {
			isa = XCBuildConfiguration;
			buildSettings = {
				ASSETCATALOG_COMPILER_APPICON_NAME = AppIcon;
				CODE_SIGN_STYLE = Automatic;
				DEVELOPMENT_TEAM = MAY93MPC4K;
				INFOPLIST_FILE = TestFairy/Info.plist;
				LD_RUNPATH_SEARCH_PATHS = (
					"$(inherited)",
					"@executable_path/Frameworks",
				);
				PRODUCT_BUNDLE_IDENTIFIER = com.hat.exchange.TestFairy;
				PRODUCT_NAME = "$(TARGET_NAME)";
				SWIFT_VERSION = 4.0;
				TARGETED_DEVICE_FAMILY = "1,2";
			};
			name = Debug;
		};
		9F63CB7B2086143600181AF9 /* Release */ = {
			isa = XCBuildConfiguration;
			buildSettings = {
				ASSETCATALOG_COMPILER_APPICON_NAME = AppIcon;
				CODE_SIGN_STYLE = Automatic;
				DEVELOPMENT_TEAM = MAY93MPC4K;
				INFOPLIST_FILE = TestFairy/Info.plist;
				LD_RUNPATH_SEARCH_PATHS = (
					"$(inherited)",
					"@executable_path/Frameworks",
				);
				PRODUCT_BUNDLE_IDENTIFIER = com.hat.exchange.TestFairy;
				PRODUCT_NAME = "$(TARGET_NAME)";
				SWIFT_VERSION = 4.0;
				TARGETED_DEVICE_FAMILY = "1,2";
			};
			name = Release;
		};
		9F63CB7D2086143600181AF9 /* Debug */ = {
			isa = XCBuildConfiguration;
			buildSettings = {
				ALWAYS_EMBED_SWIFT_STANDARD_LIBRARIES = YES;
				BUNDLE_LOADER = "$(TEST_HOST)";
				CODE_SIGN_STYLE = Automatic;
				DEVELOPMENT_TEAM = MAY93MPC4K;
				INFOPLIST_FILE = TestFairyTests/Info.plist;
				LD_RUNPATH_SEARCH_PATHS = (
					"$(inherited)",
					"@executable_path/Frameworks",
					"@loader_path/Frameworks",
				);
				PRODUCT_BUNDLE_IDENTIFIER = com.hat.exchange.TestFairyTests;
				PRODUCT_NAME = "$(TARGET_NAME)";
				SWIFT_VERSION = 4.0;
				TARGETED_DEVICE_FAMILY = "1,2";
				TEST_HOST = "$(BUILT_PRODUCTS_DIR)/TestFairy.app/TestFairy";
			};
			name = Debug;
		};
		9F63CB7E2086143600181AF9 /* Release */ = {
			isa = XCBuildConfiguration;
			buildSettings = {
				ALWAYS_EMBED_SWIFT_STANDARD_LIBRARIES = YES;
				BUNDLE_LOADER = "$(TEST_HOST)";
				CODE_SIGN_STYLE = Automatic;
				DEVELOPMENT_TEAM = MAY93MPC4K;
				INFOPLIST_FILE = TestFairyTests/Info.plist;
				LD_RUNPATH_SEARCH_PATHS = (
					"$(inherited)",
					"@executable_path/Frameworks",
					"@loader_path/Frameworks",
				);
				PRODUCT_BUNDLE_IDENTIFIER = com.hat.exchange.TestFairyTests;
				PRODUCT_NAME = "$(TARGET_NAME)";
				SWIFT_VERSION = 4.0;
				TARGETED_DEVICE_FAMILY = "1,2";
				TEST_HOST = "$(BUILT_PRODUCTS_DIR)/TestFairy.app/TestFairy";
			};
			name = Release;
		};
		9F63CB802086143600181AF9 /* Debug */ = {
			isa = XCBuildConfiguration;
			buildSettings = {
				ALWAYS_EMBED_SWIFT_STANDARD_LIBRARIES = YES;
				CODE_SIGN_STYLE = Automatic;
				DEVELOPMENT_TEAM = MAY93MPC4K;
				INFOPLIST_FILE = TestFairyUITests/Info.plist;
				LD_RUNPATH_SEARCH_PATHS = (
					"$(inherited)",
					"@executable_path/Frameworks",
					"@loader_path/Frameworks",
				);
				PRODUCT_BUNDLE_IDENTIFIER = com.hat.exchange.TestFairyUITests;
				PRODUCT_NAME = "$(TARGET_NAME)";
				SWIFT_VERSION = 4.0;
				TARGETED_DEVICE_FAMILY = "1,2";
				TEST_TARGET_NAME = TestFairy;
			};
			name = Debug;
		};
		9F63CB812086143600181AF9 /* Release */ = {
			isa = XCBuildConfiguration;
			buildSettings = {
				ALWAYS_EMBED_SWIFT_STANDARD_LIBRARIES = YES;
				CODE_SIGN_STYLE = Automatic;
				DEVELOPMENT_TEAM = MAY93MPC4K;
				INFOPLIST_FILE = TestFairyUITests/Info.plist;
				LD_RUNPATH_SEARCH_PATHS = (
					"$(inherited)",
					"@executable_path/Frameworks",
					"@loader_path/Frameworks",
				);
				PRODUCT_BUNDLE_IDENTIFIER = com.hat.exchange.TestFairyUITests;
				PRODUCT_NAME = "$(TARGET_NAME)";
				SWIFT_VERSION = 4.0;
				TARGETED_DEVICE_FAMILY = "1,2";
				TEST_TARGET_NAME = TestFairy;
			};
			name = Release;
		};
/* End XCBuildConfiguration section */

/* Begin XCConfigurationList section */
		9F63CB492086143500181AF9 /* Build configuration list for PBXProject "TestFairy" */ = {
			isa = XCConfigurationList;
			buildConfigurations = (
				9F63CB772086143600181AF9 /* Debug */,
				9F63CB782086143600181AF9 /* Release */,
			);
			defaultConfigurationIsVisible = 0;
			defaultConfigurationName = Release;
		};
		9F63CB792086143600181AF9 /* Build configuration list for PBXNativeTarget "TestFairy" */ = {
			isa = XCConfigurationList;
			buildConfigurations = (
				9F63CB7A2086143600181AF9 /* Debug */,
				9F63CB7B2086143600181AF9 /* Release */,
			);
			defaultConfigurationIsVisible = 0;
			defaultConfigurationName = Release;
		};
		9F63CB7C2086143600181AF9 /* Build configuration list for PBXNativeTarget "TestFairyTests" */ = {
			isa = XCConfigurationList;
			buildConfigurations = (
				9F63CB7D2086143600181AF9 /* Debug */,
				9F63CB7E2086143600181AF9 /* Release */,
			);
			defaultConfigurationIsVisible = 0;
			defaultConfigurationName = Release;
		};
		9F63CB7F2086143600181AF9 /* Build configuration list for PBXNativeTarget "TestFairyUITests" */ = {
			isa = XCConfigurationList;
			buildConfigurations = (
				9F63CB802086143600181AF9 /* Debug */,
				9F63CB812086143600181AF9 /* Release */,
			);
			defaultConfigurationIsVisible = 0;
			defaultConfigurationName = Release;
		};
/* End XCConfigurationList section */

/* Begin XCVersionGroup section */
		9F63CB582086143500181AF9 /* TestFairy.xcdatamodeld */ = {
			isa = XCVersionGroup;
			children = (
				9F63CB592086143500181AF9 /* TestFairy.xcdatamodel */,
			);
			currentVersion = 9F63CB592086143500181AF9 /* TestFairy.xcdatamodel */;
			path = TestFairy.xcdatamodeld;
			sourceTree = "<group>";
			versionGroupType = wrapper.xcdatamodel;
		};
/* End XCVersionGroup section */
	};
	rootObject = 9F63CB462086143500181AF9 /* Project object */;
}
